
Microsoft Visual Studio Solution File, Format Version 12.00
# Visual Studio 14
VisualStudioVersion = 14.0.25420.1
MinimumVisualStudioVersion = 10.0.40219.1
Project("{2150E333-8FDC-42A3-9474-1A3956D46DE8}") = "src", "src", "{C816E8B5-712F-4D15-B2E8-5C79B6F02EAF}"
EndProject
Project("{2150E333-8FDC-42A3-9474-1A3956D46DE8}") = "Solution Items", "Solution Items", "{02A03BB9-A270-4581-B1BA-115749A9A684}"
	ProjectSection(SolutionItems) = preProject
		build.ps1 = build.ps1
		global.json = global.json
		NuGet.Config = NuGet.Config
	EndProjectSection
EndProject
Project("{8BB2217D-0F2D-49D1-97BC-3654ED321F3B}") = "Folke.Social", "src\Folke.Social\Folke.Social.xproj", "{F7ECB0A2-C856-475F-95B7-A968237CE28C}"
EndProject
Project("{2150E333-8FDC-42A3-9474-1A3956D46DE8}") = "test", "test", "{3D2AF190-0AC7-459D-B1E7-AD7FAB5255D6}"
EndProject
Project("{8BB2217D-0F2D-49D1-97BC-3654ED321F3B}") = "Folke.Social.Test", "test\Folke.Social.Test\Folke.Social.Test.xproj", "{3B95164C-95B3-4E0D-9440-1F4016F03EFC}"
EndProject
Global
	GlobalSection(SolutionConfigurationPlatforms) = preSolution
		Debug|Any CPU = Debug|Any CPU
		Release|Any CPU = Release|Any CPU
	EndGlobalSection
	GlobalSection(ProjectConfigurationPlatforms) = postSolution
		{F7ECB0A2-C856-475F-95B7-A968237CE28C}.Debug|Any CPU.ActiveCfg = Debug|Any CPU
		{F7ECB0A2-C856-475F-95B7-A968237CE28C}.Debug|Any CPU.Build.0 = Debug|Any CPU
		{F7ECB0A2-C856-475F-95B7-A968237CE28C}.Release|Any CPU.ActiveCfg = Release|Any CPU
		{F7ECB0A2-C856-475F-95B7-A968237CE28C}.Release|Any CPU.Build.0 = Release|Any CPU
		{3B95164C-95B3-4E0D-9440-1F4016F03EFC}.Debug|Any CPU.ActiveCfg = Debug|Any CPU
		{3B95164C-95B3-4E0D-9440-1F4016F03EFC}.Debug|Any CPU.Build.0 = Debug|Any CPU
		{3B95164C-95B3-4E0D-9440-1F4016F03EFC}.Release|Any CPU.ActiveCfg = Release|Any CPU
		{3B95164C-95B3-4E0D-9440-1F4016F03EFC}.Release|Any CPU.Build.0 = Release|Any CPU
	EndGlobalSection
	GlobalSection(SolutionProperties) = preSolution
		HideSolutionNode = FALSE
	EndGlobalSection
	GlobalSection(NestedProjects) = preSolution
		{F7ECB0A2-C856-475F-95B7-A968237CE28C} = {C816E8B5-712F-4D15-B2E8-5C79B6F02EAF}
		{3B95164C-95B3-4E0D-9440-1F4016F03EFC} = {3D2AF190-0AC7-459D-B1E7-AD7FAB5255D6}
	EndGlobalSection
EndGlobal
